
Microsoft Visual Studio Solution File, Format Version 12.00
# Visual Studio 2013
VisualStudioVersion = 12.0.21005.1
MinimumVisualStudioVersion = 10.0.40219.1
Project("{FAE04EC0-301F-11D3-BF4B-00C04F79EFBC}") = "FormApp0704", "FormApp0704\FormApp0704.csproj", "{970A9147-4DAF-4DB0-B7B0-D0FF9B591BB7}"
EndProject
Global
	GlobalSection(SolutionConfigurationPlatforms) = preSolution
		Debug|Any CPU = Debug|Any CPU
		Release|Any CPU = Release|Any CPU
	EndGlobalSection
	GlobalSection(ProjectConfigurationPlatforms) = postSolution
		{970A9147-4DAF-4DB0-B7B0-D0FF9B591BB7}.Debug|Any CPU.ActiveCfg = Debug|Any CPU
		{970A9147-4DAF-4DB0-B7B0-D0FF9B591BB7}.Debug|Any CPU.Build.0 = Debug|Any CPU
		{970A9147-4DAF-4DB0-B7B0-D0FF9B591BB7}.Release|Any CPU.ActiveCfg = Release|Any CPU
		{970A9147-4DAF-4DB0-B7B0-D0FF9B591BB7}.Release|Any CPU.Build.0 = Release|Any CPU
	EndGlobalSection
	GlobalSection(SolutionProperties) = preSolution
		HideSolutionNode = FALSE
	EndGlobalSection
EndGlobal
