
Microsoft Visual Studio Solution File, Format Version 12.00
# Visual Studio 2013
VisualStudioVersion = 12.0.21005.1
MinimumVisualStudioVersion = 10.0.40219.1
Project("{FAE04EC0-301F-11D3-BF4B-00C04F79EFBC}") = "自定义集合", "自定义集合\自定义集合.csproj", "{3BA8137F-F491-4495-A416-F68FD41F30B4}"
EndProject
Global
	GlobalSection(SolutionConfigurationPlatforms) = preSolution
		Debug|Any CPU = Debug|Any CPU
		Release|Any CPU = Release|Any CPU
	EndGlobalSection
	GlobalSection(ProjectConfigurationPlatforms) = postSolution
		{3BA8137F-F491-4495-A416-F68FD41F30B4}.Debug|Any CPU.ActiveCfg = Debug|Any CPU
		{3BA8137F-F491-4495-A416-F68FD41F30B4}.Debug|Any CPU.Build.0 = Debug|Any CPU
		{3BA8137F-F491-4495-A416-F68FD41F30B4}.Release|Any CPU.ActiveCfg = Release|Any CPU
		{3BA8137F-F491-4495-A416-F68FD41F30B4}.Release|Any CPU.Build.0 = Release|Any CPU
	EndGlobalSection
	GlobalSection(SolutionProperties) = preSolution
		HideSolutionNode = FALSE
	EndGlobalSection
EndGlobal
